// !$*UTF8*$!
{
	archiveVersion = 1;
	classes = {
	};
	objectVersion = 46;
	objects = {

/* Begin PBXBuildFile section */
		994458C61BE63AB600DE0CF6 /* AppDelegate.swift in Sources */ = {isa = PBXBuildFile; fileRef = 994458C51BE63AB600DE0CF6 /* AppDelegate.swift */; };
		994458C81BE63AB700DE0CF6 /* WeatherViewController.swift in Sources */ = {isa = PBXBuildFile; fileRef = 994458C71BE63AB700DE0CF6 /* WeatherViewController.swift */; };
		994458CB1BE63AB700DE0CF6 /* Main.storyboard in Resources */ = {isa = PBXBuildFile; fileRef = 994458C91BE63AB700DE0CF6 /* Main.storyboard */; };
		994458CD1BE63AB700DE0CF6 /* Assets.xcassets in Resources */ = {isa = PBXBuildFile; fileRef = 994458CC1BE63AB700DE0CF6 /* Assets.xcassets */; };
		994458D01BE63AB700DE0CF6 /* LaunchScreen.storyboard in Resources */ = {isa = PBXBuildFile; fileRef = 994458CE1BE63AB700DE0CF6 /* LaunchScreen.storyboard */; };
		994458E61BE63B7F00DE0CF6 /* TestWeatherViewController.swift in Sources */ = {isa = PBXBuildFile; fileRef = 994458E51BE63B7F00DE0CF6 /* TestWeatherViewController.swift */; };
		994458E81BE6658900DE0CF6 /* TestAppDelegate.swift in Sources */ = {isa = PBXBuildFile; fileRef = 994458E71BE6658900DE0CF6 /* TestAppDelegate.swift */; };
		994458EA1BE667A900DE0CF6 /* UserDefaults.swift in Sources */ = {isa = PBXBuildFile; fileRef = 994458E91BE667A900DE0CF6 /* UserDefaults.swift */; };
		994458ED1BE6697B00DE0CF6 /* FakeUserDefaults.swift in Sources */ = {isa = PBXBuildFile; fileRef = 994458EC1BE6697B00DE0CF6 /* FakeUserDefaults.swift */; };
		994458F11BE6743F00DE0CF6 /* BaseViewController.swift in Sources */ = {isa = PBXBuildFile; fileRef = 994458F01BE6743F00DE0CF6 /* BaseViewController.swift */; };
		994458F31BE674B900DE0CF6 /* BaseViewController+TestExtensions.swift in Sources */ = {isa = PBXBuildFile; fileRef = 994458F21BE674B900DE0CF6 /* BaseViewController+TestExtensions.swift */; };
		994458F51BE67BDB00DE0CF6 /* MockNotificationObserver.swift in Sources */ = {isa = PBXBuildFile; fileRef = 994458F41BE67BDB00DE0CF6 /* MockNotificationObserver.swift */; };
		995F112D1BE7E5FF004FE462 /* FakeLocationManager.swift in Sources */ = {isa = PBXBuildFile; fileRef = 995F112C1BE7E5FF004FE462 /* FakeLocationManager.swift */; };
		995F112F1BE7E616004FE462 /* LocationFinder.swift in Sources */ = {isa = PBXBuildFile; fileRef = 995F112E1BE7E616004FE462 /* LocationFinder.swift */; };
		995F11311BE7E99F004FE462 /* SetupView.swift in Sources */ = {isa = PBXBuildFile; fileRef = 995F11301BE7E99F004FE462 /* SetupView.swift */; };
		996EE9541BE913FA0016C73D /* Localizable.strings in Resources */ = {isa = PBXBuildFile; fileRef = 996EE9561BE913FA0016C73D /* Localizable.strings */; };
		996EE9581BE953DE0016C73D /* SettingsViewController.swift in Sources */ = {isa = PBXBuildFile; fileRef = 996EE9571BE953DE0016C73D /* SettingsViewController.swift */; };
		996EE95A1BE95B6C0016C73D /* Location.swift in Sources */ = {isa = PBXBuildFile; fileRef = 996EE9591BE95B6C0016C73D /* Location.swift */; };
		996EE95C1BEA3CBE0016C73D /* FakeCollectionView.swift in Sources */ = {isa = PBXBuildFile; fileRef = 996EE95B1BEA3CBE0016C73D /* FakeCollectionView.swift */; };
		996EE95E1BEA3E880016C73D /* TestSettingsViewController.swift in Sources */ = {isa = PBXBuildFile; fileRef = 996EE95D1BEA3E880016C73D /* TestSettingsViewController.swift */; };
		9997BAB61BEA508B00368DD9 /* TestLocation.swift in Sources */ = {isa = PBXBuildFile; fileRef = 9997BAB51BEA508B00368DD9 /* TestLocation.swift */; };
		9997BAB81BEA573600368DD9 /* FakeTableView.swift in Sources */ = {isa = PBXBuildFile; fileRef = 9997BAB71BEA573600368DD9 /* FakeTableView.swift */; };
		9997BABA1BEA606E00368DD9 /* CitySearchViewController.swift in Sources */ = {isa = PBXBuildFile; fileRef = 9997BAB91BEA606E00368DD9 /* CitySearchViewController.swift */; };
		9997BABC1BEA88A900368DD9 /* TestCitySearchViewController.swift in Sources */ = {isa = PBXBuildFile; fileRef = 9997BABB1BEA88A900368DD9 /* TestCitySearchViewController.swift */; };
		99C69F571BE8D01600188A78 /* TestSystemLocationFinder.swift in Sources */ = {isa = PBXBuildFile; fileRef = 99C69F561BE8D01600188A78 /* TestSystemLocationFinder.swift */; };
		99D5EBD91BEB491E002149D7 /* FakeNavigationController.swift in Sources */ = {isa = PBXBuildFile; fileRef = 99D5EBD81BEB491E002149D7 /* FakeNavigationController.swift */; };
		99D5EBDB1BEB4BA5002149D7 /* APIClient.swift in Sources */ = {isa = PBXBuildFile; fileRef = 99D5EBDA1BEB4BA5002149D7 /* APIClient.swift */; };
		99D5EBDD1BEB4DD2002149D7 /* Forecast.swift in Sources */ = {isa = PBXBuildFile; fileRef = 99D5EBDC1BEB4DD2002149D7 /* Forecast.swift */; };
		99D5EBDF1BEB502D002149D7 /* FakeAPIClient.swift in Sources */ = {isa = PBXBuildFile; fileRef = 99D5EBDE1BEB502D002149D7 /* FakeAPIClient.swift */; };
		99F581E01BEAA8BE00C83E7B /* FakeGeocoder.swift in Sources */ = {isa = PBXBuildFile; fileRef = 99F581DF1BEAA8BE00C83E7B /* FakeGeocoder.swift */; };
/* End PBXBuildFile section */

/* Begin PBXContainerItemProxy section */
		994458D71BE63AB700DE0CF6 /* PBXContainerItemProxy */ = {
			isa = PBXContainerItemProxy;
			containerPortal = 994458BA1BE63AB600DE0CF6 /* Project object */;
			proxyType = 1;
			remoteGlobalIDString = 994458C11BE63AB600DE0CF6;
			remoteInfo = NFYU;
		};
/* End PBXContainerItemProxy section */

/* Begin PBXFileReference section */
		994458C21BE63AB600DE0CF6 /* NFYU.app */ = {isa = PBXFileReference; explicitFileType = wrapper.application; includeInIndex = 0; path = NFYU.app; sourceTree = BUILT_PRODUCTS_DIR; };
		994458C51BE63AB600DE0CF6 /* AppDelegate.swift */ = {isa = PBXFileReference; lastKnownFileType = sourcecode.swift; path = AppDelegate.swift; sourceTree = "<group>"; };
		994458C71BE63AB700DE0CF6 /* WeatherViewController.swift */ = {isa = PBXFileReference; lastKnownFileType = sourcecode.swift; path = WeatherViewController.swift; sourceTree = "<group>"; };
		994458CA1BE63AB700DE0CF6 /* Base */ = {isa = PBXFileReference; lastKnownFileType = file.storyboard; name = Base; path = Base.lproj/Main.storyboard; sourceTree = "<group>"; };
		994458CC1BE63AB700DE0CF6 /* Assets.xcassets */ = {isa = PBXFileReference; lastKnownFileType = folder.assetcatalog; path = Assets.xcassets; sourceTree = "<group>"; };
		994458CF1BE63AB700DE0CF6 /* Base */ = {isa = PBXFileReference; lastKnownFileType = file.storyboard; name = Base; path = Base.lproj/LaunchScreen.storyboard; sourceTree = "<group>"; };
		994458D11BE63AB700DE0CF6 /* Info.plist */ = {isa = PBXFileReference; lastKnownFileType = text.plist.xml; path = Info.plist; sourceTree = "<group>"; };
		994458D61BE63AB700DE0CF6 /* NFYUTests.xctest */ = {isa = PBXFileReference; explicitFileType = wrapper.cfbundle; includeInIndex = 0; path = NFYUTests.xctest; sourceTree = BUILT_PRODUCTS_DIR; };
		994458DC1BE63AB700DE0CF6 /* Info.plist */ = {isa = PBXFileReference; lastKnownFileType = text.plist.xml; path = Info.plist; sourceTree = "<group>"; };
		994458E51BE63B7F00DE0CF6 /* TestWeatherViewController.swift */ = {isa = PBXFileReference; fileEncoding = 4; lastKnownFileType = sourcecode.swift; path = TestWeatherViewController.swift; sourceTree = "<group>"; };
		994458E71BE6658900DE0CF6 /* TestAppDelegate.swift */ = {isa = PBXFileReference; fileEncoding = 4; lastKnownFileType = sourcecode.swift; path = TestAppDelegate.swift; sourceTree = "<group>"; };
		994458E91BE667A900DE0CF6 /* UserDefaults.swift */ = {isa = PBXFileReference; fileEncoding = 4; lastKnownFileType = sourcecode.swift; path = UserDefaults.swift; sourceTree = "<group>"; };
		994458EC1BE6697B00DE0CF6 /* FakeUserDefaults.swift */ = {isa = PBXFileReference; fileEncoding = 4; lastKnownFileType = sourcecode.swift; path = FakeUserDefaults.swift; sourceTree = "<group>"; };
		994458F01BE6743F00DE0CF6 /* BaseViewController.swift */ = {isa = PBXFileReference; fileEncoding = 4; lastKnownFileType = sourcecode.swift; path = BaseViewController.swift; sourceTree = "<group>"; };
		994458F21BE674B900DE0CF6 /* BaseViewController+TestExtensions.swift */ = {isa = PBXFileReference; fileEncoding = 4; lastKnownFileType = sourcecode.swift; path = "BaseViewController+TestExtensions.swift"; sourceTree = "<group>"; };
		994458F41BE67BDB00DE0CF6 /* MockNotificationObserver.swift */ = {isa = PBXFileReference; fileEncoding = 4; lastKnownFileType = sourcecode.swift; path = MockNotificationObserver.swift; sourceTree = "<group>"; };
		995F112C1BE7E5FF004FE462 /* FakeLocationManager.swift */ = {isa = PBXFileReference; fileEncoding = 4; lastKnownFileType = sourcecode.swift; path = FakeLocationManager.swift; sourceTree = "<group>"; };
		995F112E1BE7E616004FE462 /* LocationFinder.swift */ = {isa = PBXFileReference; fileEncoding = 4; lastKnownFileType = sourcecode.swift; path = LocationFinder.swift; sourceTree = "<group>"; };
		995F11301BE7E99F004FE462 /* SetupView.swift */ = {isa = PBXFileReference; fileEncoding = 4; lastKnownFileType = sourcecode.swift; path = SetupView.swift; sourceTree = "<group>"; };
		996EE9551BE913FA0016C73D /* en */ = {isa = PBXFileReference; lastKnownFileType = text.plist.strings; name = en; path = en.lproj/Localizable.strings; sourceTree = "<group>"; };
		996EE9571BE953DE0016C73D /* SettingsViewController.swift */ = {isa = PBXFileReference; fileEncoding = 4; lastKnownFileType = sourcecode.swift; path = SettingsViewController.swift; sourceTree = "<group>"; };
		996EE9591BE95B6C0016C73D /* Location.swift */ = {isa = PBXFileReference; fileEncoding = 4; lastKnownFileType = sourcecode.swift; path = Location.swift; sourceTree = "<group>"; };
		996EE95B1BEA3CBE0016C73D /* FakeCollectionView.swift */ = {isa = PBXFileReference; fileEncoding = 4; lastKnownFileType = sourcecode.swift; path = FakeCollectionView.swift; sourceTree = "<group>"; };
		996EE95D1BEA3E880016C73D /* TestSettingsViewController.swift */ = {isa = PBXFileReference; fileEncoding = 4; lastKnownFileType = sourcecode.swift; path = TestSettingsViewController.swift; sourceTree = "<group>"; };
		9997BAB51BEA508B00368DD9 /* TestLocation.swift */ = {isa = PBXFileReference; fileEncoding = 4; lastKnownFileType = sourcecode.swift; path = TestLocation.swift; sourceTree = "<group>"; };
		9997BAB71BEA573600368DD9 /* FakeTableView.swift */ = {isa = PBXFileReference; fileEncoding = 4; lastKnownFileType = sourcecode.swift; path = FakeTableView.swift; sourceTree = "<group>"; };
		9997BAB91BEA606E00368DD9 /* CitySearchViewController.swift */ = {isa = PBXFileReference; fileEncoding = 4; lastKnownFileType = sourcecode.swift; path = CitySearchViewController.swift; sourceTree = "<group>"; };
		9997BABB1BEA88A900368DD9 /* TestCitySearchViewController.swift */ = {isa = PBXFileReference; fileEncoding = 4; lastKnownFileType = sourcecode.swift; path = TestCitySearchViewController.swift; sourceTree = "<group>"; };
		99C69F561BE8D01600188A78 /* TestSystemLocationFinder.swift */ = {isa = PBXFileReference; fileEncoding = 4; lastKnownFileType = sourcecode.swift; path = TestSystemLocationFinder.swift; sourceTree = "<group>"; };
		99D5EBD81BEB491E002149D7 /* FakeNavigationController.swift */ = {isa = PBXFileReference; fileEncoding = 4; lastKnownFileType = sourcecode.swift; path = FakeNavigationController.swift; sourceTree = "<group>"; };
		99D5EBDA1BEB4BA5002149D7 /* APIClient.swift */ = {isa = PBXFileReference; fileEncoding = 4; lastKnownFileType = sourcecode.swift; path = APIClient.swift; sourceTree = "<group>"; };
		99D5EBDC1BEB4DD2002149D7 /* Forecast.swift */ = {isa = PBXFileReference; fileEncoding = 4; lastKnownFileType = sourcecode.swift; path = Forecast.swift; sourceTree = "<group>"; };
		99D5EBDE1BEB502D002149D7 /* FakeAPIClient.swift */ = {isa = PBXFileReference; fileEncoding = 4; lastKnownFileType = sourcecode.swift; path = FakeAPIClient.swift; sourceTree = "<group>"; };
		99F581DF1BEAA8BE00C83E7B /* FakeGeocoder.swift */ = {isa = PBXFileReference; fileEncoding = 4; lastKnownFileType = sourcecode.swift; path = FakeGeocoder.swift; sourceTree = "<group>"; };
/* End PBXFileReference section */

/* Begin PBXFrameworksBuildPhase section */
		994458BF1BE63AB600DE0CF6 /* Frameworks */ = {
			isa = PBXFrameworksBuildPhase;
			buildActionMask = 2147483647;
			files = (
			);
			runOnlyForDeploymentPostprocessing = 0;
		};
		994458D31BE63AB700DE0CF6 /* Frameworks */ = {
			isa = PBXFrameworksBuildPhase;
			buildActionMask = 2147483647;
			files = (
			);
			runOnlyForDeploymentPostprocessing = 0;
		};
/* End PBXFrameworksBuildPhase section */

/* Begin PBXGroup section */
		994458B91BE63AB600DE0CF6 = {
			isa = PBXGroup;
			children = (
				994458C41BE63AB600DE0CF6 /* NFYU */,
				994458D91BE63AB700DE0CF6 /* NFYUTests */,
				994458C31BE63AB600DE0CF6 /* Products */,
			);
			sourceTree = "<group>";
		};
		994458C31BE63AB600DE0CF6 /* Products */ = {
			isa = PBXGroup;
			children = (
				994458C21BE63AB600DE0CF6 /* NFYU.app */,
				994458D61BE63AB700DE0CF6 /* NFYUTests.xctest */,
			);
			name = Products;
			sourceTree = "<group>";
		};
		994458C41BE63AB600DE0CF6 /* NFYU */ = {
			isa = PBXGroup;
			children = (
				994458D11BE63AB700DE0CF6 /* Info.plist */,
				99D5EBDA1BEB4BA5002149D7 /* APIClient.swift */,
				994458C51BE63AB600DE0CF6 /* AppDelegate.swift */,
				994458F01BE6743F00DE0CF6 /* BaseViewController.swift */,
				9997BAB91BEA606E00368DD9 /* CitySearchViewController.swift */,
				99D5EBDC1BEB4DD2002149D7 /* Forecast.swift */,
				996EE9591BE95B6C0016C73D /* Location.swift */,
				995F112E1BE7E616004FE462 /* LocationFinder.swift */,
				996EE9571BE953DE0016C73D /* SettingsViewController.swift */,
				995F11301BE7E99F004FE462 /* SetupView.swift */,
				994458E91BE667A900DE0CF6 /* UserDefaults.swift */,
				994458C71BE63AB700DE0CF6 /* WeatherViewController.swift */,
				994458CC1BE63AB700DE0CF6 /* Assets.xcassets */,
				994458CE1BE63AB700DE0CF6 /* LaunchScreen.storyboard */,
				996EE9561BE913FA0016C73D /* Localizable.strings */,
				994458C91BE63AB700DE0CF6 /* Main.storyboard */,
			);
			path = NFYU;
			sourceTree = "<group>";
		};
		994458D91BE63AB700DE0CF6 /* NFYUTests */ = {
			isa = PBXGroup;
			children = (
				994458DC1BE63AB700DE0CF6 /* Info.plist */,
				994458E71BE6658900DE0CF6 /* TestAppDelegate.swift */,
				9997BABB1BEA88A900368DD9 /* TestCitySearchViewController.swift */,
				9997BAB51BEA508B00368DD9 /* TestLocation.swift */,
				996EE95D1BEA3E880016C73D /* TestSettingsViewController.swift */,
				99C69F561BE8D01600188A78 /* TestSystemLocationFinder.swift */,
				994458E51BE63B7F00DE0CF6 /* TestWeatherViewController.swift */,
				994458EB1BE6695100DE0CF6 /* MocksAndStubs */,
			);
			path = NFYUTests;
			sourceTree = "<group>";
		};
		994458EB1BE6695100DE0CF6 /* MocksAndStubs */ = {
			isa = PBXGroup;
			children = (
				994458F21BE674B900DE0CF6 /* BaseViewController+TestExtensions.swift */,
				99D5EBDE1BEB502D002149D7 /* FakeAPIClient.swift */,
				996EE95B1BEA3CBE0016C73D /* FakeCollectionView.swift */,
				99F581DF1BEAA8BE00C83E7B /* FakeGeocoder.swift */,
				995F112C1BE7E5FF004FE462 /* FakeLocationManager.swift */,
				99D5EBD81BEB491E002149D7 /* FakeNavigationController.swift */,
				9997BAB71BEA573600368DD9 /* FakeTableView.swift */,
				994458EC1BE6697B00DE0CF6 /* FakeUserDefaults.swift */,
				994458F41BE67BDB00DE0CF6 /* MockNotificationObserver.swift */,
			);
			path = MocksAndStubs;
			sourceTree = "<group>";
		};
/* End PBXGroup section */

/* Begin PBXNativeTarget section */
		994458C11BE63AB600DE0CF6 /* NFYU */ = {
			isa = PBXNativeTarget;
			buildConfigurationList = 994458DF1BE63AB700DE0CF6 /* Build configuration list for PBXNativeTarget "NFYU" */;
			buildPhases = (
				994458BE1BE63AB600DE0CF6 /* Sources */,
				994458BF1BE63AB600DE0CF6 /* Frameworks */,
				994458C01BE63AB600DE0CF6 /* Resources */,
			);
			buildRules = (
			);
			dependencies = (
			);
			name = NFYU;
			productName = NFYU;
			productReference = 994458C21BE63AB600DE0CF6 /* NFYU.app */;
			productType = "com.apple.product-type.application";
		};
		994458D51BE63AB700DE0CF6 /* NFYUTests */ = {
			isa = PBXNativeTarget;
			buildConfigurationList = 994458E21BE63AB700DE0CF6 /* Build configuration list for PBXNativeTarget "NFYUTests" */;
			buildPhases = (
				994458D21BE63AB700DE0CF6 /* Sources */,
				994458D31BE63AB700DE0CF6 /* Frameworks */,
				994458D41BE63AB700DE0CF6 /* Resources */,
			);
			buildRules = (
			);
			dependencies = (
				994458D81BE63AB700DE0CF6 /* PBXTargetDependency */,
			);
			name = NFYUTests;
			productName = NFYUTests;
			productReference = 994458D61BE63AB700DE0CF6 /* NFYUTests.xctest */;
			productType = "com.apple.product-type.bundle.unit-test";
		};
/* End PBXNativeTarget section */

/* Begin PBXProject section */
		994458BA1BE63AB600DE0CF6 /* Project object */ = {
			isa = PBXProject;
			attributes = {
				LastSwiftUpdateCheck = 0710;
				LastUpgradeCheck = 0710;
				ORGANIZATIONNAME = "Gianluca Tranchedone";
				TargetAttributes = {
					994458C11BE63AB600DE0CF6 = {
						CreatedOnToolsVersion = 7.1;
					};
					994458D51BE63AB700DE0CF6 = {
						CreatedOnToolsVersion = 7.1;
						TestTargetID = 994458C11BE63AB600DE0CF6;
					};
				};
			};
			buildConfigurationList = 994458BD1BE63AB600DE0CF6 /* Build configuration list for PBXProject "NFYU" */;
			compatibilityVersion = "Xcode 3.2";
			developmentRegion = English;
			hasScannedForEncodings = 0;
			knownRegions = (
				en,
				Base,
			);
			mainGroup = 994458B91BE63AB600DE0CF6;
			productRefGroup = 994458C31BE63AB600DE0CF6 /* Products */;
			projectDirPath = "";
			projectRoot = "";
			targets = (
				994458C11BE63AB600DE0CF6 /* NFYU */,
				994458D51BE63AB700DE0CF6 /* NFYUTests */,
			);
		};
/* End PBXProject section */

/* Begin PBXResourcesBuildPhase section */
		994458C01BE63AB600DE0CF6 /* Resources */ = {
			isa = PBXResourcesBuildPhase;
			buildActionMask = 2147483647;
			files = (
				994458D01BE63AB700DE0CF6 /* LaunchScreen.storyboard in Resources */,
				996EE9541BE913FA0016C73D /* Localizable.strings in Resources */,
				994458CD1BE63AB700DE0CF6 /* Assets.xcassets in Resources */,
				994458CB1BE63AB700DE0CF6 /* Main.storyboard in Resources */,
			);
			runOnlyForDeploymentPostprocessing = 0;
		};
		994458D41BE63AB700DE0CF6 /* Resources */ = {
			isa = PBXResourcesBuildPhase;
			buildActionMask = 2147483647;
			files = (
			);
			runOnlyForDeploymentPostprocessing = 0;
		};
/* End PBXResourcesBuildPhase section */

/* Begin PBXSourcesBuildPhase section */
		994458BE1BE63AB600DE0CF6 /* Sources */ = {
			isa = PBXSourcesBuildPhase;
			buildActionMask = 2147483647;
			files = (
				9997BABA1BEA606E00368DD9 /* CitySearchViewController.swift in Sources */,
				994458C81BE63AB700DE0CF6 /* WeatherViewController.swift in Sources */,
				994458F11BE6743F00DE0CF6 /* BaseViewController.swift in Sources */,
				99D5EBDB1BEB4BA5002149D7 /* APIClient.swift in Sources */,
				996EE9581BE953DE0016C73D /* SettingsViewController.swift in Sources */,
				995F112F1BE7E616004FE462 /* LocationFinder.swift in Sources */,
				994458C61BE63AB600DE0CF6 /* AppDelegate.swift in Sources */,
				995F11311BE7E99F004FE462 /* SetupView.swift in Sources */,
				996EE95A1BE95B6C0016C73D /* Location.swift in Sources */,
				99D5EBDD1BEB4DD2002149D7 /* Forecast.swift in Sources */,
				994458EA1BE667A900DE0CF6 /* UserDefaults.swift in Sources */,
			);
			runOnlyForDeploymentPostprocessing = 0;
		};
		994458D21BE63AB700DE0CF6 /* Sources */ = {
			isa = PBXSourcesBuildPhase;
			buildActionMask = 2147483647;
			files = (
				994458E81BE6658900DE0CF6 /* TestAppDelegate.swift in Sources */,
				99F581E01BEAA8BE00C83E7B /* FakeGeocoder.swift in Sources */,
				996EE95C1BEA3CBE0016C73D /* FakeCollectionView.swift in Sources */,
				994458ED1BE6697B00DE0CF6 /* FakeUserDefaults.swift in Sources */,
				9997BABC1BEA88A900368DD9 /* TestCitySearchViewController.swift in Sources */,
				994458E61BE63B7F00DE0CF6 /* TestWeatherViewController.swift in Sources */,
				99D5EBD91BEB491E002149D7 /* FakeNavigationController.swift in Sources */,
				996EE95E1BEA3E880016C73D /* TestSettingsViewController.swift in Sources */,
				99C69F571BE8D01600188A78 /* TestSystemLocationFinder.swift in Sources */,
				994458F51BE67BDB00DE0CF6 /* MockNotificationObserver.swift in Sources */,
				99D5EBDF1BEB502D002149D7 /* FakeAPIClient.swift in Sources */,
				994458F31BE674B900DE0CF6 /* BaseViewController+TestExtensions.swift in Sources */,
				9997BAB81BEA573600368DD9 /* FakeTableView.swift in Sources */,
				9997BAB61BEA508B00368DD9 /* TestLocation.swift in Sources */,
				995F112D1BE7E5FF004FE462 /* FakeLocationManager.swift in Sources */,
			);
			runOnlyForDeploymentPostprocessing = 0;
		};
/* End PBXSourcesBuildPhase section */

/* Begin PBXTargetDependency section */
		994458D81BE63AB700DE0CF6 /* PBXTargetDependency */ = {
			isa = PBXTargetDependency;
			target = 994458C11BE63AB600DE0CF6 /* NFYU */;
			targetProxy = 994458D71BE63AB700DE0CF6 /* PBXContainerItemProxy */;
		};
/* End PBXTargetDependency section */

/* Begin PBXVariantGroup section */
		994458C91BE63AB700DE0CF6 /* Main.storyboard */ = {
			isa = PBXVariantGroup;
			children = (
				994458CA1BE63AB700DE0CF6 /* Base */,
			);
			name = Main.storyboard;
			sourceTree = "<group>";
		};
		994458CE1BE63AB700DE0CF6 /* LaunchScreen.storyboard */ = {
			isa = PBXVariantGroup;
			children = (
				994458CF1BE63AB700DE0CF6 /* Base */,
			);
			name = LaunchScreen.storyboard;
			sourceTree = "<group>";
		};
		996EE9561BE913FA0016C73D /* Localizable.strings */ = {
			isa = PBXVariantGroup;
			children = (
				996EE9551BE913FA0016C73D /* en */,
			);
			name = Localizable.strings;
			sourceTree = "<group>";
		};
/* End PBXVariantGroup section */

/* Begin XCBuildConfiguration section */
		994458DD1BE63AB700DE0CF6 /* Debug */ = {
			isa = XCBuildConfiguration;
			buildSettings = {
				ALWAYS_SEARCH_USER_PATHS = NO;
				CLANG_CXX_LANGUAGE_STANDARD = "gnu++0x";
				CLANG_CXX_LIBRARY = "libc++";
				CLANG_ENABLE_MODULES = YES;
				CLANG_ENABLE_OBJC_ARC = YES;
				CLANG_WARN_BOOL_CONVERSION = YES;
				CLANG_WARN_CONSTANT_CONVERSION = YES;
				CLANG_WARN_DIRECT_OBJC_ISA_USAGE = YES_ERROR;
				CLANG_WARN_EMPTY_BODY = YES;
				CLANG_WARN_ENUM_CONVERSION = YES;
				CLANG_WARN_INT_CONVERSION = YES;
				CLANG_WARN_OBJC_ROOT_CLASS = YES_ERROR;
				CLANG_WARN_UNREACHABLE_CODE = YES;
				CLANG_WARN__DUPLICATE_METHOD_MATCH = YES;
				"CODE_SIGN_IDENTITY[sdk=iphoneos*]" = "iPhone Developer";
				COPY_PHASE_STRIP = NO;
				DEBUG_INFORMATION_FORMAT = dwarf;
				ENABLE_STRICT_OBJC_MSGSEND = YES;
				ENABLE_TESTABILITY = YES;
				GCC_C_LANGUAGE_STANDARD = gnu99;
				GCC_DYNAMIC_NO_PIC = NO;
				GCC_NO_COMMON_BLOCKS = YES;
				GCC_OPTIMIZATION_LEVEL = 0;
				GCC_PREPROCESSOR_DEFINITIONS = (
					"DEBUG=1",
					"$(inherited)",
				);
				GCC_WARN_64_TO_32_BIT_CONVERSION = YES;
				GCC_WARN_ABOUT_RETURN_TYPE = YES_ERROR;
				GCC_WARN_UNDECLARED_SELECTOR = YES;
				GCC_WARN_UNINITIALIZED_AUTOS = YES_AGGRESSIVE;
				GCC_WARN_UNUSED_FUNCTION = YES;
				GCC_WARN_UNUSED_VARIABLE = YES;
				IPHONEOS_DEPLOYMENT_TARGET = 9.1;
				MTL_ENABLE_DEBUG_INFO = YES;
				ONLY_ACTIVE_ARCH = YES;
				SDKROOT = iphoneos;
				SWIFT_OPTIMIZATION_LEVEL = "-Onone";
			};
			name = Debug;
		};
		994458DE1BE63AB700DE0CF6 /* Release */ = {
			isa = XCBuildConfiguration;
			buildSettings = {
				ALWAYS_SEARCH_USER_PATHS = NO;
				CLANG_CXX_LANGUAGE_STANDARD = "gnu++0x";
				CLANG_CXX_LIBRARY = "libc++";
				CLANG_ENABLE_MODULES = YES;
				CLANG_ENABLE_OBJC_ARC = YES;
				CLANG_WARN_BOOL_CONVERSION = YES;
				CLANG_WARN_CONSTANT_CONVERSION = YES;
				CLANG_WARN_DIRECT_OBJC_ISA_USAGE = YES_ERROR;
				CLANG_WARN_EMPTY_BODY = YES;
				CLANG_WARN_ENUM_CONVERSION = YES;
				CLANG_WARN_INT_CONVERSION = YES;
				CLANG_WARN_OBJC_ROOT_CLASS = YES_ERROR;
				CLANG_WARN_UNREACHABLE_CODE = YES;
				CLANG_WARN__DUPLICATE_METHOD_MATCH = YES;
				"CODE_SIGN_IDENTITY[sdk=iphoneos*]" = "iPhone Developer";
				COPY_PHASE_STRIP = NO;
				DEBUG_INFORMATION_FORMAT = "dwarf-with-dsym";
				ENABLE_NS_ASSERTIONS = NO;
				ENABLE_STRICT_OBJC_MSGSEND = YES;
				GCC_C_LANGUAGE_STANDARD = gnu99;
				GCC_NO_COMMON_BLOCKS = YES;
				GCC_WARN_64_TO_32_BIT_CONVERSION = YES;
				GCC_WARN_ABOUT_RETURN_TYPE = YES_ERROR;
				GCC_WARN_UNDECLARED_SELECTOR = YES;
				GCC_WARN_UNINITIALIZED_AUTOS = YES_AGGRESSIVE;
				GCC_WARN_UNUSED_FUNCTION = YES;
				GCC_WARN_UNUSED_VARIABLE = YES;
				IPHONEOS_DEPLOYMENT_TARGET = 9.1;
				MTL_ENABLE_DEBUG_INFO = NO;
				SDKROOT = iphoneos;
				VALIDATE_PRODUCT = YES;
			};
			name = Release;
		};
		994458E01BE63AB700DE0CF6 /* Debug */ = {
			isa = XCBuildConfiguration;
			buildSettings = {
				ASSETCATALOG_COMPILER_APPICON_NAME = AppIcon;
				INFOPLIST_FILE = NFYU/Info.plist;
				LD_RUNPATH_SEARCH_PATHS = "$(inherited) @executable_path/Frameworks";
				PRODUCT_BUNDLE_IDENTIFIER = con.gtranchedone.ios.NFYU;
				PRODUCT_NAME = "$(TARGET_NAME)";
			};
			name = Debug;
		};
		994458E11BE63AB700DE0CF6 /* Release */ = {
			isa = XCBuildConfiguration;
			buildSettings = {
				ASSETCATALOG_COMPILER_APPICON_NAME = AppIcon;
				INFOPLIST_FILE = NFYU/Info.plist;
				LD_RUNPATH_SEARCH_PATHS = "$(inherited) @executable_path/Frameworks";
				PRODUCT_BUNDLE_IDENTIFIER = con.gtranchedone.ios.NFYU;
				PRODUCT_NAME = "$(TARGET_NAME)";
			};
			name = Release;
		};
		994458E31BE63AB700DE0CF6 /* Debug */ = {
			isa = XCBuildConfiguration;
			buildSettings = {
				BUNDLE_LOADER = "$(TEST_HOST)";
				CLANG_ENABLE_MODULES = YES;
				INFOPLIST_FILE = NFYUTests/Info.plist;
				LD_RUNPATH_SEARCH_PATHS = "$(inherited) @executable_path/Frameworks @loader_path/Frameworks";
				PRODUCT_BUNDLE_IDENTIFIER = con.gtranchedone.ios.NFYUTests;
				PRODUCT_NAME = "$(TARGET_NAME)";
				SWIFT_OPTIMIZATION_LEVEL = "-Onone";
				TEST_HOST = "$(BUILT_PRODUCTS_DIR)/NFYU.app/NFYU";
			};
			name = Debug;
		};
		994458E41BE63AB700DE0CF6 /* Release */ = {
			isa = XCBuildConfiguration;
			buildSettings = {
				BUNDLE_LOADER = "$(TEST_HOST)";
				CLANG_ENABLE_MODULES = YES;
				INFOPLIST_FILE = NFYUTests/Info.plist;
				LD_RUNPATH_SEARCH_PATHS = "$(inherited) @executable_path/Frameworks @loader_path/Frameworks";
				PRODUCT_BUNDLE_IDENTIFIER = con.gtranchedone.ios.NFYUTests;
				PRODUCT_NAME = "$(TARGET_NAME)";
				TEST_HOST = "$(BUILT_PRODUCTS_DIR)/NFYU.app/NFYU";
			};
			name = Release;
		};
/* End XCBuildConfiguration section */

/* Begin XCConfigurationList section */
		994458BD1BE63AB600DE0CF6 /* Build configuration list for PBXProject "NFYU" */ = {
			isa = XCConfigurationList;
			buildConfigurations = (
				994458DD1BE63AB700DE0CF6 /* Debug */,
				994458DE1BE63AB700DE0CF6 /* Release */,
			);
			defaultConfigurationIsVisible = 0;
			defaultConfigurationName = Release;
		};
		994458DF1BE63AB700DE0CF6 /* Build configuration list for PBXNativeTarget "NFYU" */ = {
			isa = XCConfigurationList;
			buildConfigurations = (
				994458E01BE63AB700DE0CF6 /* Debug */,
				994458E11BE63AB700DE0CF6 /* Release */,
			);
			defaultConfigurationIsVisible = 0;
			defaultConfigurationName = Release;
		};
		994458E21BE63AB700DE0CF6 /* Build configuration list for PBXNativeTarget "NFYUTests" */ = {
			isa = XCConfigurationList;
			buildConfigurations = (
				994458E31BE63AB700DE0CF6 /* Debug */,
				994458E41BE63AB700DE0CF6 /* Release */,
			);
			defaultConfigurationIsVisible = 0;
			defaultConfigurationName = Release;
		};
/* End XCConfigurationList section */
	};
	rootObject = 994458BA1BE63AB600DE0CF6 /* Project object */;
}
